// !$*UTF8*$!
{
	archiveVersion = 1;
	classes = {
	};
	objectVersion = 48;
	objects = {

/* Begin PBXBuildFile section */
		461C25645E0DB3351BF4B05F /* Pods_keijiban_iosTests.framework in Frameworks */ = {isa = PBXBuildFile; fileRef = 3FBE04070BC98002A99254CF /* Pods_keijiban_iosTests.framework */; };
		963865EE205BF18F00F530A0 /* ViewModel.swift in Sources */ = {isa = PBXBuildFile; fileRef = 963865ED205BF18F00F530A0 /* ViewModel.swift */; };
		963865F3205BFD9600F530A0 /* ContributionTableViewCell.swift in Sources */ = {isa = PBXBuildFile; fileRef = 963865F1205BFD9600F530A0 /* ContributionTableViewCell.swift */; };
		963865F4205BFD9600F530A0 /* ContributionTableViewCell.xib in Resources */ = {isa = PBXBuildFile; fileRef = 963865F2205BFD9600F530A0 /* ContributionTableViewCell.xib */; };
		96C04983205803450010B6D5 /* AppDelegate.swift in Sources */ = {isa = PBXBuildFile; fileRef = 96C04982205803450010B6D5 /* AppDelegate.swift */; };
		96C04985205803450010B6D5 /* ViewController.swift in Sources */ = {isa = PBXBuildFile; fileRef = 96C04984205803450010B6D5 /* ViewController.swift */; };
		96C04988205803450010B6D5 /* Main.storyboard in Resources */ = {isa = PBXBuildFile; fileRef = 96C04986205803450010B6D5 /* Main.storyboard */; };
		96C0498A205803450010B6D5 /* Assets.xcassets in Resources */ = {isa = PBXBuildFile; fileRef = 96C04989205803450010B6D5 /* Assets.xcassets */; };
		96C0498D205803450010B6D5 /* LaunchScreen.storyboard in Resources */ = {isa = PBXBuildFile; fileRef = 96C0498B205803450010B6D5 /* LaunchScreen.storyboard */; };
		96C04998205803450010B6D5 /* keijiban_iosTests.swift in Sources */ = {isa = PBXBuildFile; fileRef = 96C04997205803450010B6D5 /* keijiban_iosTests.swift */; };
		96C049A320594B430010B6D5 /* SendViewController.swift in Sources */ = {isa = PBXBuildFile; fileRef = 96C049A220594B430010B6D5 /* SendViewController.swift */; };
		96C049A520594B7F0010B6D5 /* API.swift in Sources */ = {isa = PBXBuildFile; fileRef = 96C049A420594B7F0010B6D5 /* API.swift */; };
		96C049A720594CD60010B6D5 /* Contribution.swift in Sources */ = {isa = PBXBuildFile; fileRef = 96C049A620594CD60010B6D5 /* Contribution.swift */; };
		96C049AB205969510010B6D5 /* SendViewModel.swift in Sources */ = {isa = PBXBuildFile; fileRef = 96C049AA205969510010B6D5 /* SendViewModel.swift */; };
		FC00CF4C6CA311E3F1CA3D5E /* Pods_keijiban_ios.framework in Frameworks */ = {isa = PBXBuildFile; fileRef = 48F6D726780E388EE75208C0 /* Pods_keijiban_ios.framework */; };
/* End PBXBuildFile section */

/* Begin PBXContainerItemProxy section */
		96C04994205803450010B6D5 /* PBXContainerItemProxy */ = {
			isa = PBXContainerItemProxy;
			containerPortal = 96C04977205803450010B6D5 /* Project object */;
			proxyType = 1;
			remoteGlobalIDString = 96C0497E205803450010B6D5;
			remoteInfo = "keijiban-ios";
		};
/* End PBXContainerItemProxy section */

/* Begin PBXFileReference section */
		39E679994EA6FE8CB3A9D8D8 /* Pods-keijiban-iosTests.release.xcconfig */ = {isa = PBXFileReference; includeInIndex = 1; lastKnownFileType = text.xcconfig; name = "Pods-keijiban-iosTests.release.xcconfig"; path = "Pods/Target Support Files/Pods-keijiban-iosTests/Pods-keijiban-iosTests.release.xcconfig"; sourceTree = "<group>"; };
		3FBE04070BC98002A99254CF /* Pods_keijiban_iosTests.framework */ = {isa = PBXFileReference; explicitFileType = wrapper.framework; includeInIndex = 0; path = Pods_keijiban_iosTests.framework; sourceTree = BUILT_PRODUCTS_DIR; };
		48F6D726780E388EE75208C0 /* Pods_keijiban_ios.framework */ = {isa = PBXFileReference; explicitFileType = wrapper.framework; includeInIndex = 0; path = Pods_keijiban_ios.framework; sourceTree = BUILT_PRODUCTS_DIR; };
		9124FE33314CC65D99EC63A4 /* Pods-keijiban-ios.debug.xcconfig */ = {isa = PBXFileReference; includeInIndex = 1; lastKnownFileType = text.xcconfig; name = "Pods-keijiban-ios.debug.xcconfig"; path = "Pods/Target Support Files/Pods-keijiban-ios/Pods-keijiban-ios.debug.xcconfig"; sourceTree = "<group>"; };
		963865ED205BF18F00F530A0 /* ViewModel.swift */ = {isa = PBXFileReference; lastKnownFileType = sourcecode.swift; path = ViewModel.swift; sourceTree = "<group>"; };
		963865F1205BFD9600F530A0 /* ContributionTableViewCell.swift */ = {isa = PBXFileReference; lastKnownFileType = sourcecode.swift; path = ContributionTableViewCell.swift; sourceTree = "<group>"; };
		963865F2205BFD9600F530A0 /* ContributionTableViewCell.xib */ = {isa = PBXFileReference; lastKnownFileType = file.xib; path = ContributionTableViewCell.xib; sourceTree = "<group>"; };
		96C0497F205803450010B6D5 /* keijiban-ios.app */ = {isa = PBXFileReference; explicitFileType = wrapper.application; includeInIndex = 0; path = "keijiban-ios.app"; sourceTree = BUILT_PRODUCTS_DIR; };
		96C04982205803450010B6D5 /* AppDelegate.swift */ = {isa = PBXFileReference; lastKnownFileType = sourcecode.swift; path = AppDelegate.swift; sourceTree = "<group>"; };
		96C04984205803450010B6D5 /* ViewController.swift */ = {isa = PBXFileReference; lastKnownFileType = sourcecode.swift; path = ViewController.swift; sourceTree = "<group>"; };
		96C04987205803450010B6D5 /* Base */ = {isa = PBXFileReference; lastKnownFileType = file.storyboard; name = Base; path = Base.lproj/Main.storyboard; sourceTree = "<group>"; };
		96C04989205803450010B6D5 /* Assets.xcassets */ = {isa = PBXFileReference; lastKnownFileType = folder.assetcatalog; path = Assets.xcassets; sourceTree = "<group>"; };
		96C0498C205803450010B6D5 /* Base */ = {isa = PBXFileReference; lastKnownFileType = file.storyboard; name = Base; path = Base.lproj/LaunchScreen.storyboard; sourceTree = "<group>"; };
		96C0498E205803450010B6D5 /* Info.plist */ = {isa = PBXFileReference; lastKnownFileType = text.plist.xml; path = Info.plist; sourceTree = "<group>"; };
		96C04993205803450010B6D5 /* keijiban-iosTests.xctest */ = {isa = PBXFileReference; explicitFileType = wrapper.cfbundle; includeInIndex = 0; path = "keijiban-iosTests.xctest"; sourceTree = BUILT_PRODUCTS_DIR; };
		96C04997205803450010B6D5 /* keijiban_iosTests.swift */ = {isa = PBXFileReference; lastKnownFileType = sourcecode.swift; path = keijiban_iosTests.swift; sourceTree = "<group>"; };
		96C04999205803450010B6D5 /* Info.plist */ = {isa = PBXFileReference; lastKnownFileType = text.plist.xml; path = Info.plist; sourceTree = "<group>"; };
		96C049A220594B430010B6D5 /* SendViewController.swift */ = {isa = PBXFileReference; lastKnownFileType = sourcecode.swift; path = SendViewController.swift; sourceTree = "<group>"; };
		96C049A420594B7F0010B6D5 /* API.swift */ = {isa = PBXFileReference; lastKnownFileType = sourcecode.swift; path = API.swift; sourceTree = "<group>"; };
		96C049A620594CD60010B6D5 /* Contribution.swift */ = {isa = PBXFileReference; lastKnownFileType = sourcecode.swift; path = Contribution.swift; sourceTree = "<group>"; };
		96C049AA205969510010B6D5 /* SendViewModel.swift */ = {isa = PBXFileReference; lastKnownFileType = sourcecode.swift; path = SendViewModel.swift; sourceTree = "<group>"; };
		988B4A36FB8E96A7013B4CC6 /* Pods-keijiban-ios.release.xcconfig */ = {isa = PBXFileReference; includeInIndex = 1; lastKnownFileType = text.xcconfig; name = "Pods-keijiban-ios.release.xcconfig"; path = "Pods/Target Support Files/Pods-keijiban-ios/Pods-keijiban-ios.release.xcconfig"; sourceTree = "<group>"; };
		A860032899DAC146A992A348 /* Pods-keijiban-iosTests.debug.xcconfig */ = {isa = PBXFileReference; includeInIndex = 1; lastKnownFileType = text.xcconfig; name = "Pods-keijiban-iosTests.debug.xcconfig"; path = "Pods/Target Support Files/Pods-keijiban-iosTests/Pods-keijiban-iosTests.debug.xcconfig"; sourceTree = "<group>"; };
/* End PBXFileReference section */

/* Begin PBXFrameworksBuildPhase section */
		96C0497C205803450010B6D5 /* Frameworks */ = {
			isa = PBXFrameworksBuildPhase;
			buildActionMask = 2147483647;
			files = (
				FC00CF4C6CA311E3F1CA3D5E /* Pods_keijiban_ios.framework in Frameworks */,
			);
			runOnlyForDeploymentPostprocessing = 0;
		};
		96C04990205803450010B6D5 /* Frameworks */ = {
			isa = PBXFrameworksBuildPhase;
			buildActionMask = 2147483647;
			files = (
				461C25645E0DB3351BF4B05F /* Pods_keijiban_iosTests.framework in Frameworks */,
			);
			runOnlyForDeploymentPostprocessing = 0;
		};
/* End PBXFrameworksBuildPhase section */

/* Begin PBXGroup section */
		19B56D6362F003607F5A9F12 /* Frameworks */ = {
			isa = PBXGroup;
			children = (
				48F6D726780E388EE75208C0 /* Pods_keijiban_ios.framework */,
				3FBE04070BC98002A99254CF /* Pods_keijiban_iosTests.framework */,
			);
			name = Frameworks;
			sourceTree = "<group>";
		};
		4853CE28C32D0F2F3DD6A60C /* Pods */ = {
			isa = PBXGroup;
			children = (
				9124FE33314CC65D99EC63A4 /* Pods-keijiban-ios.debug.xcconfig */,
				988B4A36FB8E96A7013B4CC6 /* Pods-keijiban-ios.release.xcconfig */,
				A860032899DAC146A992A348 /* Pods-keijiban-iosTests.debug.xcconfig */,
				39E679994EA6FE8CB3A9D8D8 /* Pods-keijiban-iosTests.release.xcconfig */,
			);
			name = Pods;
			sourceTree = "<group>";
		};
		963865EC205BF13400F530A0 /* View */ = {
			isa = PBXGroup;
			children = (
				96C04984205803450010B6D5 /* ViewController.swift */,
				96C049A220594B430010B6D5 /* SendViewController.swift */,
				963865F1205BFD9600F530A0 /* ContributionTableViewCell.swift */,
				963865F2205BFD9600F530A0 /* ContributionTableViewCell.xib */,
			);
			path = View;
			sourceTree = "<group>";
		};
		96C04976205803450010B6D5 = {
			isa = PBXGroup;
			children = (
				96C04981205803450010B6D5 /* keijiban-ios */,
				96C04996205803450010B6D5 /* keijiban-iosTests */,
				96C04980205803450010B6D5 /* Products */,
				4853CE28C32D0F2F3DD6A60C /* Pods */,
				19B56D6362F003607F5A9F12 /* Frameworks */,
			);
			sourceTree = "<group>";
		};
		96C04980205803450010B6D5 /* Products */ = {
			isa = PBXGroup;
			children = (
				96C0497F205803450010B6D5 /* keijiban-ios.app */,
				96C04993205803450010B6D5 /* keijiban-iosTests.xctest */,
			);
			name = Products;
			sourceTree = "<group>";
		};
		96C04981205803450010B6D5 /* keijiban-ios */ = {
			isa = PBXGroup;
			children = (
				96C04982205803450010B6D5 /* AppDelegate.swift */,
				963865EC205BF13400F530A0 /* View */,
				96C04986205803450010B6D5 /* Main.storyboard */,
				96C049AA205969510010B6D5 /* SendViewModel.swift */,
				963865ED205BF18F00F530A0 /* ViewModel.swift */,
				96C049A420594B7F0010B6D5 /* API.swift */,
				96C049A620594CD60010B6D5 /* Contribution.swift */,
				96C04989205803450010B6D5 /* Assets.xcassets */,
				96C0498B205803450010B6D5 /* LaunchScreen.storyboard */,
				96C0498E205803450010B6D5 /* Info.plist */,
			);
			path = "keijiban-ios";
			sourceTree = "<group>";
		};
		96C04996205803450010B6D5 /* keijiban-iosTests */ = {
			isa = PBXGroup;
			children = (
				96C04997205803450010B6D5 /* keijiban_iosTests.swift */,
				96C04999205803450010B6D5 /* Info.plist */,
			);
			path = "keijiban-iosTests";
			sourceTree = "<group>";
		};
/* End PBXGroup section */

/* Begin PBXNativeTarget section */
		96C0497E205803450010B6D5 /* keijiban-ios */ = {
			isa = PBXNativeTarget;
			buildConfigurationList = 96C0499C205803450010B6D5 /* Build configuration list for PBXNativeTarget "keijiban-ios" */;
			buildPhases = (
				2736F4B1ED03C9463FAAF57A /* [CP] Check Pods Manifest.lock */,
				96C0497B205803450010B6D5 /* Sources */,
				96C0497C205803450010B6D5 /* Frameworks */,
				96C0497D205803450010B6D5 /* Resources */,
				7C52B2C7F274C7D78BF1C721 /* [CP] Embed Pods Frameworks */,
				72A45E91FFF2A5D0A0761E32 /* [CP] Copy Pods Resources */,
			);
			buildRules = (
			);
			dependencies = (
			);
			name = "keijiban-ios";
			productName = "keijiban-ios";
			productReference = 96C0497F205803450010B6D5 /* keijiban-ios.app */;
			productType = "com.apple.product-type.application";
		};
		96C04992205803450010B6D5 /* keijiban-iosTests */ = {
			isa = PBXNativeTarget;
			buildConfigurationList = 96C0499F205803450010B6D5 /* Build configuration list for PBXNativeTarget "keijiban-iosTests" */;
			buildPhases = (
				EF0EE03B797EBC705543212C /* [CP] Check Pods Manifest.lock */,
				96C0498F205803450010B6D5 /* Sources */,
				96C04990205803450010B6D5 /* Frameworks */,
				96C04991205803450010B6D5 /* Resources */,
				9013196336615A81AAE3D084 /* [CP] Embed Pods Frameworks */,
				98E0CD8FBACDD3C030DC02A4 /* [CP] Copy Pods Resources */,
			);
			buildRules = (
			);
			dependencies = (
				96C04995205803450010B6D5 /* PBXTargetDependency */,
			);
			name = "keijiban-iosTests";
			productName = "keijiban-iosTests";
			productReference = 96C04993205803450010B6D5 /* keijiban-iosTests.xctest */;
			productType = "com.apple.product-type.bundle.unit-test";
		};
/* End PBXNativeTarget section */

/* Begin PBXProject section */
		96C04977205803450010B6D5 /* Project object */ = {
			isa = PBXProject;
			attributes = {
				LastSwiftUpdateCheck = 0920;
				LastUpgradeCheck = 0920;
				ORGANIZATIONNAME = "原野誉大";
				TargetAttributes = {
					96C0497E205803450010B6D5 = {
						CreatedOnToolsVersion = 9.2;
						ProvisioningStyle = Automatic;
					};
					96C04992205803450010B6D5 = {
						CreatedOnToolsVersion = 9.2;
						ProvisioningStyle = Automatic;
						TestTargetID = 96C0497E205803450010B6D5;
					};
				};
			};
			buildConfigurationList = 96C0497A205803450010B6D5 /* Build configuration list for PBXProject "keijiban-ios" */;
			compatibilityVersion = "Xcode 8.0";
			developmentRegion = en;
			hasScannedForEncodings = 0;
			knownRegions = (
				en,
				Base,
			);
			mainGroup = 96C04976205803450010B6D5;
			productRefGroup = 96C04980205803450010B6D5 /* Products */;
			projectDirPath = "";
			projectRoot = "";
			targets = (
				96C0497E205803450010B6D5 /* keijiban-ios */,
				96C04992205803450010B6D5 /* keijiban-iosTests */,
			);
		};
/* End PBXProject section */

/* Begin PBXResourcesBuildPhase section */
		96C0497D205803450010B6D5 /* Resources */ = {
			isa = PBXResourcesBuildPhase;
			buildActionMask = 2147483647;
			files = (
				96C0498D205803450010B6D5 /* LaunchScreen.storyboard in Resources */,
				963865F4205BFD9600F530A0 /* ContributionTableViewCell.xib in Resources */,
				96C0498A205803450010B6D5 /* Assets.xcassets in Resources */,
				96C04988205803450010B6D5 /* Main.storyboard in Resources */,
			);
			runOnlyForDeploymentPostprocessing = 0;
		};
		96C04991205803450010B6D5 /* Resources */ = {
			isa = PBXResourcesBuildPhase;
			buildActionMask = 2147483647;
			files = (
			);
			runOnlyForDeploymentPostprocessing = 0;
		};
/* End PBXResourcesBuildPhase section */

/* Begin PBXShellScriptBuildPhase section */
		2736F4B1ED03C9463FAAF57A /* [CP] Check Pods Manifest.lock */ = {
			isa = PBXShellScriptBuildPhase;
			buildActionMask = 2147483647;
			files = (
			);
			inputPaths = (
				"${PODS_PODFILE_DIR_PATH}/Podfile.lock",
				"${PODS_ROOT}/Manifest.lock",
			);
			name = "[CP] Check Pods Manifest.lock";
			outputPaths = (
				"$(DERIVED_FILE_DIR)/Pods-keijiban-ios-checkManifestLockResult.txt",
			);
			runOnlyForDeploymentPostprocessing = 0;
			shellPath = /bin/sh;
			shellScript = "diff \"${PODS_PODFILE_DIR_PATH}/Podfile.lock\" \"${PODS_ROOT}/Manifest.lock\" > /dev/null\nif [ $? != 0 ] ; then\n    # print error to STDERR\n    echo \"error: The sandbox is not in sync with the Podfile.lock. Run 'pod install' or update your CocoaPods installation.\" >&2\n    exit 1\nfi\n# This output is used by Xcode 'outputs' to avoid re-running this script phase.\necho \"SUCCESS\" > \"${SCRIPT_OUTPUT_FILE_0}\"\n";
			showEnvVarsInLog = 0;
		};
		72A45E91FFF2A5D0A0761E32 /* [CP] Copy Pods Resources */ = {
			isa = PBXShellScriptBuildPhase;
			buildActionMask = 2147483647;
			files = (
			);
			inputPaths = (
			);
			name = "[CP] Copy Pods Resources";
			outputPaths = (
			);
			runOnlyForDeploymentPostprocessing = 0;
			shellPath = /bin/sh;
			shellScript = "\"${SRCROOT}/Pods/Target Support Files/Pods-keijiban-ios/Pods-keijiban-ios-resources.sh\"\n";
			showEnvVarsInLog = 0;
		};
		7C52B2C7F274C7D78BF1C721 /* [CP] Embed Pods Frameworks */ = {
			isa = PBXShellScriptBuildPhase;
			buildActionMask = 2147483647;
			files = (
			);
			inputPaths = (
				"${SRCROOT}/Pods/Target Support Files/Pods-keijiban-ios/Pods-keijiban-ios-frameworks.sh",
				"${BUILT_PRODUCTS_DIR}/Alamofire/Alamofire.framework",
				"${BUILT_PRODUCTS_DIR}/Moya/Moya.framework",
				"${BUILT_PRODUCTS_DIR}/Result/Result.framework",
				"${BUILT_PRODUCTS_DIR}/RxCocoa/RxCocoa.framework",
				"${BUILT_PRODUCTS_DIR}/RxSwift/RxSwift.framework",
			);
			name = "[CP] Embed Pods Frameworks";
			outputPaths = (
				"${TARGET_BUILD_DIR}/${FRAMEWORKS_FOLDER_PATH}/Alamofire.framework",
				"${TARGET_BUILD_DIR}/${FRAMEWORKS_FOLDER_PATH}/Moya.framework",
				"${TARGET_BUILD_DIR}/${FRAMEWORKS_FOLDER_PATH}/Result.framework",
				"${TARGET_BUILD_DIR}/${FRAMEWORKS_FOLDER_PATH}/RxCocoa.framework",
				"${TARGET_BUILD_DIR}/${FRAMEWORKS_FOLDER_PATH}/RxSwift.framework",
			);
			runOnlyForDeploymentPostprocessing = 0;
			shellPath = /bin/sh;
			shellScript = "\"${SRCROOT}/Pods/Target Support Files/Pods-keijiban-ios/Pods-keijiban-ios-frameworks.sh\"\n";
			showEnvVarsInLog = 0;
		};
		9013196336615A81AAE3D084 /* [CP] Embed Pods Frameworks */ = {
			isa = PBXShellScriptBuildPhase;
			buildActionMask = 2147483647;
			files = (
			);
			inputPaths = (
			);
			name = "[CP] Embed Pods Frameworks";
			outputPaths = (
			);
			runOnlyForDeploymentPostprocessing = 0;
			shellPath = /bin/sh;
			shellScript = "\"${SRCROOT}/Pods/Target Support Files/Pods-keijiban-iosTests/Pods-keijiban-iosTests-frameworks.sh\"\n";
			showEnvVarsInLog = 0;
		};
		98E0CD8FBACDD3C030DC02A4 /* [CP] Copy Pods Resources */ = {
			isa = PBXShellScriptBuildPhase;
			buildActionMask = 2147483647;
			files = (
			);
			inputPaths = (
			);
			name = "[CP] Copy Pods Resources";
			outputPaths = (
			);
			runOnlyForDeploymentPostprocessing = 0;
			shellPath = /bin/sh;
			shellScript = "\"${SRCROOT}/Pods/Target Support Files/Pods-keijiban-iosTests/Pods-keijiban-iosTests-resources.sh\"\n";
			showEnvVarsInLog = 0;
		};
		EF0EE03B797EBC705543212C /* [CP] Check Pods Manifest.lock */ = {
			isa = PBXShellScriptBuildPhase;
			buildActionMask = 2147483647;
			files = (
			);
			inputPaths = (
				"${PODS_PODFILE_DIR_PATH}/Podfile.lock",
				"${PODS_ROOT}/Manifest.lock",
			);
			name = "[CP] Check Pods Manifest.lock";
			outputPaths = (
				"$(DERIVED_FILE_DIR)/Pods-keijiban-iosTests-checkManifestLockResult.txt",
			);
			runOnlyForDeploymentPostprocessing = 0;
			shellPath = /bin/sh;
			shellScript = "diff \"${PODS_PODFILE_DIR_PATH}/Podfile.lock\" \"${PODS_ROOT}/Manifest.lock\" > /dev/null\nif [ $? != 0 ] ; then\n    # print error to STDERR\n    echo \"error: The sandbox is not in sync with the Podfile.lock. Run 'pod install' or update your CocoaPods installation.\" >&2\n    exit 1\nfi\n# This output is used by Xcode 'outputs' to avoid re-running this script phase.\necho \"SUCCESS\" > \"${SCRIPT_OUTPUT_FILE_0}\"\n";
			showEnvVarsInLog = 0;
		};
/* End PBXShellScriptBuildPhase section */

/* Begin PBXSourcesBuildPhase section */
		96C0497B205803450010B6D5 /* Sources */ = {
			isa = PBXSourcesBuildPhase;
			buildActionMask = 2147483647;
			files = (
				96C04985205803450010B6D5 /* ViewController.swift in Sources */,
				96C04983205803450010B6D5 /* AppDelegate.swift in Sources */,
				96C049A520594B7F0010B6D5 /* API.swift in Sources */,
				96C049A320594B430010B6D5 /* SendViewController.swift in Sources */,
				96C049AB205969510010B6D5 /* SendViewModel.swift in Sources */,
				963865F3205BFD9600F530A0 /* ContributionTableViewCell.swift in Sources */,
				96C049A720594CD60010B6D5 /* Contribution.swift in Sources */,
				963865EE205BF18F00F530A0 /* ViewModel.swift in Sources */,
			);
			runOnlyForDeploymentPostprocessing = 0;
		};
		96C0498F205803450010B6D5 /* Sources */ = {
			isa = PBXSourcesBuildPhase;
			buildActionMask = 2147483647;
			files = (
				96C04998205803450010B6D5 /* keijiban_iosTests.swift in Sources */,
			);
			runOnlyForDeploymentPostprocessing = 0;
		};
/* End PBXSourcesBuildPhase section */

/* Begin PBXTargetDependency section */
		96C04995205803450010B6D5 /* PBXTargetDependency */ = {
			isa = PBXTargetDependency;
			target = 96C0497E205803450010B6D5 /* keijiban-ios */;
			targetProxy = 96C04994205803450010B6D5 /* PBXContainerItemProxy */;
		};
/* End PBXTargetDependency section */

/* Begin PBXVariantGroup section */
		96C04986205803450010B6D5 /* Main.storyboard */ = {
			isa = PBXVariantGroup;
			children = (
				96C04987205803450010B6D5 /* Base */,
			);
			name = Main.storyboard;
			sourceTree = "<group>";
		};
		96C0498B205803450010B6D5 /* LaunchScreen.storyboard */ = {
			isa = PBXVariantGroup;
			children = (
				96C0498C205803450010B6D5 /* Base */,
			);
			name = LaunchScreen.storyboard;
			sourceTree = "<group>";
		};
/* End PBXVariantGroup section */

/* Begin XCBuildConfiguration section */
		96C0499A205803450010B6D5 /* Debug */ = {
			isa = XCBuildConfiguration;
			buildSettings = {
				ALWAYS_SEARCH_USER_PATHS = NO;
				CLANG_ANALYZER_NONNULL = YES;
				CLANG_ANALYZER_NUMBER_OBJECT_CONVERSION = YES_AGGRESSIVE;
				CLANG_CXX_LANGUAGE_STANDARD = "gnu++14";
				CLANG_CXX_LIBRARY = "libc++";
				CLANG_ENABLE_MODULES = YES;
				CLANG_ENABLE_OBJC_ARC = YES;
				CLANG_WARN_BLOCK_CAPTURE_AUTORELEASING = YES;
				CLANG_WARN_BOOL_CONVERSION = YES;
				CLANG_WARN_COMMA = YES;
				CLANG_WARN_CONSTANT_CONVERSION = YES;
				CLANG_WARN_DIRECT_OBJC_ISA_USAGE = YES_ERROR;
				CLANG_WARN_DOCUMENTATION_COMMENTS = YES;
				CLANG_WARN_EMPTY_BODY = YES;
				CLANG_WARN_ENUM_CONVERSION = YES;
				CLANG_WARN_INFINITE_RECURSION = YES;
				CLANG_WARN_INT_CONVERSION = YES;
				CLANG_WARN_NON_LITERAL_NULL_CONVERSION = YES;
				CLANG_WARN_OBJC_LITERAL_CONVERSION = YES;
				CLANG_WARN_OBJC_ROOT_CLASS = YES_ERROR;
				CLANG_WARN_RANGE_LOOP_ANALYSIS = YES;
				CLANG_WARN_STRICT_PROTOTYPES = YES;
				CLANG_WARN_SUSPICIOUS_MOVE = YES;
				CLANG_WARN_UNGUARDED_AVAILABILITY = YES_AGGRESSIVE;
				CLANG_WARN_UNREACHABLE_CODE = YES;
				CLANG_WARN__DUPLICATE_METHOD_MATCH = YES;
				CODE_SIGN_IDENTITY = "iPhone Developer";
				COPY_PHASE_STRIP = NO;
				DEBUG_INFORMATION_FORMAT = dwarf;
				ENABLE_STRICT_OBJC_MSGSEND = YES;
				ENABLE_TESTABILITY = YES;
				GCC_C_LANGUAGE_STANDARD = gnu11;
				GCC_DYNAMIC_NO_PIC = NO;
				GCC_NO_COMMON_BLOCKS = YES;
				GCC_OPTIMIZATION_LEVEL = 0;
				GCC_PREPROCESSOR_DEFINITIONS = (
					"DEBUG=1",
					"$(inherited)",
				);
				GCC_WARN_64_TO_32_BIT_CONVERSION = YES;
				GCC_WARN_ABOUT_RETURN_TYPE = YES_ERROR;
				GCC_WARN_UNDECLARED_SELECTOR = YES;
				GCC_WARN_UNINITIALIZED_AUTOS = YES_AGGRESSIVE;
				GCC_WARN_UNUSED_FUNCTION = YES;
				GCC_WARN_UNUSED_VARIABLE = YES;
				IPHONEOS_DEPLOYMENT_TARGET = 11.2;
				MTL_ENABLE_DEBUG_INFO = YES;
				ONLY_ACTIVE_ARCH = YES;
				SDKROOT = iphoneos;
				SWIFT_ACTIVE_COMPILATION_CONDITIONS = DEBUG;
				SWIFT_OPTIMIZATION_LEVEL = "-Onone";
			};
			name = Debug;
		};
		96C0499B205803450010B6D5 /* Release */ = {
			isa = XCBuildConfiguration;
			buildSettings = {
				ALWAYS_SEARCH_USER_PATHS = NO;
				CLANG_ANALYZER_NONNULL = YES;
				CLANG_ANALYZER_NUMBER_OBJECT_CONVERSION = YES_AGGRESSIVE;
				CLANG_CXX_LANGUAGE_STANDARD = "gnu++14";
				CLANG_CXX_LIBRARY = "libc++";
				CLANG_ENABLE_MODULES = YES;
				CLANG_ENABLE_OBJC_ARC = YES;
				CLANG_WARN_BLOCK_CAPTURE_AUTORELEASING = YES;
				CLANG_WARN_BOOL_CONVERSION = YES;
				CLANG_WARN_COMMA = YES;
				CLANG_WARN_CONSTANT_CONVERSION = YES;
				CLANG_WARN_DIRECT_OBJC_ISA_USAGE = YES_ERROR;
				CLANG_WARN_DOCUMENTATION_COMMENTS = YES;
				CLANG_WARN_EMPTY_BODY = YES;
				CLANG_WARN_ENUM_CONVERSION = YES;
				CLANG_WARN_INFINITE_RECURSION = YES;
				CLANG_WARN_INT_CONVERSION = YES;
				CLANG_WARN_NON_LITERAL_NULL_CONVERSION = YES;
				CLANG_WARN_OBJC_LITERAL_CONVERSION = YES;
				CLANG_WARN_OBJC_ROOT_CLASS = YES_ERROR;
				CLANG_WARN_RANGE_LOOP_ANALYSIS = YES;
				CLANG_WARN_STRICT_PROTOTYPES = YES;
				CLANG_WARN_SUSPICIOUS_MOVE = YES;
				CLANG_WARN_UNGUARDED_AVAILABILITY = YES_AGGRESSIVE;
				CLANG_WARN_UNREACHABLE_CODE = YES;
				CLANG_WARN__DUPLICATE_METHOD_MATCH = YES;
				CODE_SIGN_IDENTITY = "iPhone Developer";
				COPY_PHASE_STRIP = NO;
				DEBUG_INFORMATION_FORMAT = "dwarf-with-dsym";
				ENABLE_NS_ASSERTIONS = NO;
				ENABLE_STRICT_OBJC_MSGSEND = YES;
				GCC_C_LANGUAGE_STANDARD = gnu11;
				GCC_NO_COMMON_BLOCKS = YES;
				GCC_WARN_64_TO_32_BIT_CONVERSION = YES;
				GCC_WARN_ABOUT_RETURN_TYPE = YES_ERROR;
				GCC_WARN_UNDECLARED_SELECTOR = YES;
				GCC_WARN_UNINITIALIZED_AUTOS = YES_AGGRESSIVE;
				GCC_WARN_UNUSED_FUNCTION = YES;
				GCC_WARN_UNUSED_VARIABLE = YES;
				IPHONEOS_DEPLOYMENT_TARGET = 11.2;
				MTL_ENABLE_DEBUG_INFO = NO;
				SDKROOT = iphoneos;
				SWIFT_OPTIMIZATION_LEVEL = "-Owholemodule";
				VALIDATE_PRODUCT = YES;
			};
			name = Release;
		};
		96C0499D205803450010B6D5 /* Debug */ = {
			isa = XCBuildConfiguration;
			baseConfigurationReference = 9124FE33314CC65D99EC63A4 /* Pods-keijiban-ios.debug.xcconfig */;
			buildSettings = {
				ASSETCATALOG_COMPILER_APPICON_NAME = AppIcon;
				CODE_SIGN_STYLE = Automatic;
				INFOPLIST_FILE = "keijiban-ios/Info.plist";
				LD_RUNPATH_SEARCH_PATHS = "$(inherited) @executable_path/Frameworks";
				PRODUCT_BUNDLE_IDENTIFIER = "com.google.homahi0128.keijiban-ios";
				PRODUCT_NAME = "$(TARGET_NAME)";
				SWIFT_VERSION = 4.0;
				TARGETED_DEVICE_FAMILY = "1,2";
			};
			name = Debug;
		};
		96C0499E205803450010B6D5 /* Release */ = {
			isa = XCBuildConfiguration;
			baseConfigurationReference = 988B4A36FB8E96A7013B4CC6 /* Pods-keijiban-ios.release.xcconfig */;
			buildSettings = {
				ASSETCATALOG_COMPILER_APPICON_NAME = AppIcon;
				CODE_SIGN_STYLE = Automatic;
				INFOPLIST_FILE = "keijiban-ios/Info.plist";
				LD_RUNPATH_SEARCH_PATHS = "$(inherited) @executable_path/Frameworks";
				PRODUCT_BUNDLE_IDENTIFIER = "com.google.homahi0128.keijiban-ios";
				PRODUCT_NAME = "$(TARGET_NAME)";
				SWIFT_VERSION = 4.0;
				TARGETED_DEVICE_FAMILY = "1,2";
			};
			name = Release;
		};
		96C049A0205803450010B6D5 /* Debug */ = {
			isa = XCBuildConfiguration;
			baseConfigurationReference = A860032899DAC146A992A348 /* Pods-keijiban-iosTests.debug.xcconfig */;
			buildSettings = {
				ALWAYS_EMBED_SWIFT_STANDARD_LIBRARIES = YES;
				BUNDLE_LOADER = "$(TEST_HOST)";
				CODE_SIGN_STYLE = Automatic;
				INFOPLIST_FILE = "keijiban-iosTests/Info.plist";
				LD_RUNPATH_SEARCH_PATHS = "$(inherited) @executable_path/Frameworks @loader_path/Frameworks";
				PRODUCT_BUNDLE_IDENTIFIER = "com.google.homahi0128.keijiban-iosTests";
				PRODUCT_NAME = "$(TARGET_NAME)";
				SWIFT_VERSION = 4.0;
				TARGETED_DEVICE_FAMILY = "1,2";
				TEST_HOST = "$(BUILT_PRODUCTS_DIR)/keijiban-ios.app/keijiban-ios";
			};
			name = Debug;
		};
		96C049A1205803450010B6D5 /* Release */ = {
			isa = XCBuildConfiguration;
			baseConfigurationReference = 39E679994EA6FE8CB3A9D8D8 /* Pods-keijiban-iosTests.release.xcconfig */;
			buildSettings = {
				ALWAYS_EMBED_SWIFT_STANDARD_LIBRARIES = YES;
				BUNDLE_LOADER = "$(TEST_HOST)";
				CODE_SIGN_STYLE = Automatic;
				INFOPLIST_FILE = "keijiban-iosTests/Info.plist";
				LD_RUNPATH_SEARCH_PATHS = "$(inherited) @executable_path/Frameworks @loader_path/Frameworks";
				PRODUCT_BUNDLE_IDENTIFIER = "com.google.homahi0128.keijiban-iosTests";
				PRODUCT_NAME = "$(TARGET_NAME)";
				SWIFT_VERSION = 4.0;
				TARGETED_DEVICE_FAMILY = "1,2";
				TEST_HOST = "$(BUILT_PRODUCTS_DIR)/keijiban-ios.app/keijiban-ios";
			};
			name = Release;
		};
/* End XCBuildConfiguration section */

/* Begin XCConfigurationList section */
		96C0497A205803450010B6D5 /* Build configuration list for PBXProject "keijiban-ios" */ = {
			isa = XCConfigurationList;
			buildConfigurations = (
				96C0499A205803450010B6D5 /* Debug */,
				96C0499B205803450010B6D5 /* Release */,
			);
			defaultConfigurationIsVisible = 0;
			defaultConfigurationName = Release;
		};
		96C0499C205803450010B6D5 /* Build configuration list for PBXNativeTarget "keijiban-ios" */ = {
			isa = XCConfigurationList;
			buildConfigurations = (
				96C0499D205803450010B6D5 /* Debug */,
				96C0499E205803450010B6D5 /* Release */,
			);
			defaultConfigurationIsVisible = 0;
			defaultConfigurationName = Release;
		};
		96C0499F205803450010B6D5 /* Build configuration list for PBXNativeTarget "keijiban-iosTests" */ = {
			isa = XCConfigurationList;
			buildConfigurations = (
				96C049A0205803450010B6D5 /* Debug */,
				96C049A1205803450010B6D5 /* Release */,
			);
			defaultConfigurationIsVisible = 0;
			defaultConfigurationName = Release;
		};
/* End XCConfigurationList section */
	};
	rootObject = 96C04977205803450010B6D5 /* Project object */;
}
